
Microsoft Visual Studio Solution File, Format Version 12.00
# Visual Studio Version 16
VisualStudioVersion = 16.0.30002.166
MinimumVisualStudioVersion = 10.0.40219.1
Project("{8BC9CEB8-8B4A-11D0-8D11-00A0C91BC942}") = "gpu-oscilloscope-lib", "gpu-oscilloscope-lib\gpu-oscilloscope-lib.vcxproj", "{018AD1FD-86A2-49EB-95B2-6AACE5007E46}"
EndProject
Project("{8BC9CEB8-8B4A-11D0-8D11-00A0C91BC942}") = "audio-example", "audio-example\audio-example.vcxproj", "{66FF59A8-F05B-44B2-8396-6D24593F8165}"
	ProjectSection(ProjectDependencies) = postProject
		{018AD1FD-86A2-49EB-95B2-6AACE5007E46} = {018AD1FD-86A2-49EB-95B2-6AACE5007E46}
	EndProjectSection
EndProject
Project("{8BC9CEB8-8B4A-11D0-8D11-00A0C91BC942}") = "gpu-oscilloscope-lib-test", "gpu-oscilloscope-lib-test\gpu-oscilloscope-lib-test.vcxproj", "{1020DF02-C7EB-4BEE-BD1A-966E94E59428}"
EndProject
Global
	GlobalSection(SolutionConfigurationPlatforms) = preSolution
		Debug|Any CPU = Debug|Any CPU
		Debug|x64 = Debug|x64
		Debug|x86 = Debug|x86
		Release|Any CPU = Release|Any CPU
		Release|x64 = Release|x64
		Release|x86 = Release|x86
	EndGlobalSection
	GlobalSection(ProjectConfigurationPlatforms) = postSolution
		{018AD1FD-86A2-49EB-95B2-6AACE5007E46}.Debug|Any CPU.ActiveCfg = Debug|x64
		{018AD1FD-86A2-49EB-95B2-6AACE5007E46}.Debug|Any CPU.Build.0 = Debug|x64
		{018AD1FD-86A2-49EB-95B2-6AACE5007E46}.Debug|x64.ActiveCfg = Debug|x64
		{018AD1FD-86A2-49EB-95B2-6AACE5007E46}.Debug|x64.Build.0 = Debug|x64
		{018AD1FD-86A2-49EB-95B2-6AACE5007E46}.Debug|x86.ActiveCfg = Debug|Win32
		{018AD1FD-86A2-49EB-95B2-6AACE5007E46}.Debug|x86.Build.0 = Debug|Win32
		{018AD1FD-86A2-49EB-95B2-6AACE5007E46}.Release|Any CPU.ActiveCfg = Release|Win32
		{018AD1FD-86A2-49EB-95B2-6AACE5007E46}.Release|x64.ActiveCfg = Release|x64
		{018AD1FD-86A2-49EB-95B2-6AACE5007E46}.Release|x64.Build.0 = Release|x64
		{018AD1FD-86A2-49EB-95B2-6AACE5007E46}.Release|x86.ActiveCfg = Release|Win32
		{018AD1FD-86A2-49EB-95B2-6AACE5007E46}.Release|x86.Build.0 = Release|Win32
		{66FF59A8-F05B-44B2-8396-6D24593F8165}.Debug|Any CPU.ActiveCfg = Debug|x64
		{66FF59A8-F05B-44B2-8396-6D24593F8165}.Debug|Any CPU.Build.0 = Debug|x64
		{66FF59A8-F05B-44B2-8396-6D24593F8165}.Debug|x64.ActiveCfg = Debug|x64
		{66FF59A8-F05B-44B2-8396-6D24593F8165}.Debug|x64.Build.0 = Debug|x64
		{66FF59A8-F05B-44B2-8396-6D24593F8165}.Debug|x86.ActiveCfg = Debug|Win32
		{66FF59A8-F05B-44B2-8396-6D24593F8165}.Debug|x86.Build.0 = Debug|Win32
		{66FF59A8-F05B-44B2-8396-6D24593F8165}.Release|Any CPU.ActiveCfg = Release|Win32
		{66FF59A8-F05B-44B2-8396-6D24593F8165}.Release|x64.ActiveCfg = Release|x64
		{66FF59A8-F05B-44B2-8396-6D24593F8165}.Release|x64.Build.0 = Release|x64
		{66FF59A8-F05B-44B2-8396-6D24593F8165}.Release|x86.ActiveCfg = Release|Win32
		{66FF59A8-F05B-44B2-8396-6D24593F8165}.Release|x86.Build.0 = Release|Win32
		{1020DF02-C7EB-4BEE-BD1A-966E94E59428}.Debug|Any CPU.ActiveCfg = Debug|Win32
		{1020DF02-C7EB-4BEE-BD1A-966E94E59428}.Debug|Any CPU.Build.0 = Debug|Win32
		{1020DF02-C7EB-4BEE-BD1A-966E94E59428}.Debug|x64.ActiveCfg = Debug|x64
		{1020DF02-C7EB-4BEE-BD1A-966E94E59428}.Debug|x64.Build.0 = Debug|x64
		{1020DF02-C7EB-4BEE-BD1A-966E94E59428}.Debug|x86.ActiveCfg = Debug|Win32
		{1020DF02-C7EB-4BEE-BD1A-966E94E59428}.Debug|x86.Build.0 = Debug|Win32
		{1020DF02-C7EB-4BEE-BD1A-966E94E59428}.Release|Any CPU.ActiveCfg = Release|Win32
		{1020DF02-C7EB-4BEE-BD1A-966E94E59428}.Release|x64.ActiveCfg = Release|x64
		{1020DF02-C7EB-4BEE-BD1A-966E94E59428}.Release|x64.Build.0 = Release|x64
		{1020DF02-C7EB-4BEE-BD1A-966E94E59428}.Release|x86.ActiveCfg = Release|Win32
		{1020DF02-C7EB-4BEE-BD1A-966E94E59428}.Release|x86.Build.0 = Release|Win32
	EndGlobalSection
	GlobalSection(SolutionProperties) = preSolution
		HideSolutionNode = FALSE
	EndGlobalSection
	GlobalSection(ExtensibilityGlobals) = postSolution
		SolutionGuid = {BE8AE46F-A7AA-48A3-9486-AD28608BB88C}
	EndGlobalSection
EndGlobal
